Microsoft Visual Studio Solution File, Format Version 12.00
# Visual Studio 2012
Project("{FAE04EC0-301F-11D3-BF4B-00C04F79EFBC}") = "circuit_game", "circuit_game.csproj", "{4E608EE9-5011-43C6-B3E0-8ADC3C2EA331}"
EndProject
Global
	GlobalSection(SolutionConfigurationPlatforms) = preSolution
	Debug|Any CPU = Debug|Any CPU
	ExportDebug|Any CPU = ExportDebug|Any CPU
	ExportRelease|Any CPU = ExportRelease|Any CPU
	EndGlobalSection
	GlobalSection(ProjectConfigurationPlatforms) = postSolution
		{4E608EE9-5011-43C6-B3E0-8ADC3C2EA331}.Debug|Any CPU.ActiveCfg = Debug|Any CPU
		{4E608EE9-5011-43C6-B3E0-8ADC3C2EA331}.Debug|Any CPU.Build.0 = Debug|Any CPU
		{4E608EE9-5011-43C6-B3E0-8ADC3C2EA331}.ExportDebug|Any CPU.ActiveCfg = ExportDebug|Any CPU
		{4E608EE9-5011-43C6-B3E0-8ADC3C2EA331}.ExportDebug|Any CPU.Build.0 = ExportDebug|Any CPU
		{4E608EE9-5011-43C6-B3E0-8ADC3C2EA331}.ExportRelease|Any CPU.ActiveCfg = ExportRelease|Any CPU
		{4E608EE9-5011-43C6-B3E0-8ADC3C2EA331}.ExportRelease|Any CPU.Build.0 = ExportRelease|Any CPU
	EndGlobalSection
EndGlobal
